// !$*UTF8*$!
{
	archiveVersion = 1;
	classes = {
	};
	objectVersion = 46;
	objects = {

/* Begin PBXBuildFile section */
		5051F40617A760A60089BA53 /* UIKit.framework in Frameworks */ = {isa = PBXBuildFile; fileRef = 5051F40517A760A60089BA53 /* UIKit.framework */; };
		5051F40817A760A60089BA53 /* Foundation.framework in Frameworks */ = {isa = PBXBuildFile; fileRef = 5051F40717A760A60089BA53 /* Foundation.framework */; };
		5051F40A17A760A60089BA53 /* CoreGraphics.framework in Frameworks */ = {isa = PBXBuildFile; fileRef = 5051F40917A760A60089BA53 /* CoreGraphics.framework */; };
		5051F41017A760A60089BA53 /* InfoPlist.strings in Resources */ = {isa = PBXBuildFile; fileRef = 5051F40E17A760A60089BA53 /* InfoPlist.strings */; };
		5051F41217A760A60089BA53 /* main.m in Sources */ = {isa = PBXBuildFile; fileRef = 5051F41117A760A60089BA53 /* main.m */; };
		5051F41617A760A60089BA53 /* CPDAppDelegate.m in Sources */ = {isa = PBXBuildFile; fileRef = 5051F41517A760A60089BA53 /* CPDAppDelegate.m */; };
		5051F41817A760A60089BA53 /* Default.png in Resources */ = {isa = PBXBuildFile; fileRef = 5051F41717A760A60089BA53 /* Default.png */; };
		5051F41A17A760A60089BA53 /* Default@2x.png in Resources */ = {isa = PBXBuildFile; fileRef = 5051F41917A760A60089BA53 /* Default@2x.png */; };
		5051F41C17A760A60089BA53 /* Default-568h@2x.png in Resources */ = {isa = PBXBuildFile; fileRef = 5051F41B17A760A60089BA53 /* Default-568h@2x.png */; };
		5051F41F17A760A60089BA53 /* MainStoryboard.storyboard in Resources */ = {isa = PBXBuildFile; fileRef = 5051F41D17A760A60089BA53 /* MainStoryboard.storyboard */; };
		5051F42217A760A60089BA53 /* CPDFirstViewController.m in Sources */ = {isa = PBXBuildFile; fileRef = 5051F42117A760A60089BA53 /* CPDFirstViewController.m */; };
		5051F42417A760A60089BA53 /* first.png in Resources */ = {isa = PBXBuildFile; fileRef = 5051F42317A760A60089BA53 /* first.png */; };
		5051F42617A760A60089BA53 /* first@2x.png in Resources */ = {isa = PBXBuildFile; fileRef = 5051F42517A760A60089BA53 /* first@2x.png */; };
		5051F42917A760A60089BA53 /* CPDSecondViewController.m in Sources */ = {isa = PBXBuildFile; fileRef = 5051F42817A760A60089BA53 /* CPDSecondViewController.m */; };
		5051F42B17A760A60089BA53 /* second.png in Resources */ = {isa = PBXBuildFile; fileRef = 5051F42A17A760A60089BA53 /* second.png */; };
		5051F42D17A760A60089BA53 /* second@2x.png in Resources */ = {isa = PBXBuildFile; fileRef = 5051F42C17A760A60089BA53 /* second@2x.png */; };
/* End PBXBuildFile section */

/* Begin PBXFileReference section */
		5051F40217A760A60089BA53 /* CorePlotDemo.app */ = {isa = PBXFileReference; explicitFileType = wrapper.application; includeInIndex = 0; path = CorePlotDemo.app; sourceTree = BUILT_PRODUCTS_DIR; };
		5051F40517A760A60089BA53 /* UIKit.framework */ = {isa = PBXFileReference; lastKnownFileType = wrapper.framework; name = UIKit.framework; path = System/Library/Frameworks/UIKit.framework; sourceTree = SDKROOT; };
		5051F40717A760A60089BA53 /* Foundation.framework */ = {isa = PBXFileReference; lastKnownFileType = wrapper.framework; name = Foundation.framework; path = System/Library/Frameworks/Foundation.framework; sourceTree = SDKROOT; };
		5051F40917A760A60089BA53 /* CoreGraphics.framework */ = {isa = PBXFileReference; lastKnownFileType = wrapper.framework; name = CoreGraphics.framework; path = System/Library/Frameworks/CoreGraphics.framework; sourceTree = SDKROOT; };
		5051F40D17A760A60089BA53 /* CorePlotDemo-Info.plist */ = {isa = PBXFileReference; lastKnownFileType = text.plist.xml; path = "CorePlotDemo-Info.plist"; sourceTree = "<group>"; };
		5051F40F17A760A60089BA53 /* en */ = {isa = PBXFileReference; lastKnownFileType = text.plist.strings; name = en; path = en.lproj/InfoPlist.strings; sourceTree = "<group>"; };
		5051F41117A760A60089BA53 /* main.m */ = {isa = PBXFileReference; lastKnownFileType = sourcecode.c.objc; path = main.m; sourceTree = "<group>"; };
		5051F41317A760A60089BA53 /* CorePlotDemo-Prefix.pch */ = {isa = PBXFileReference; lastKnownFileType = sourcecode.c.h; path = "CorePlotDemo-Prefix.pch"; sourceTree = "<group>"; };
		5051F41417A760A60089BA53 /* CPDAppDelegate.h */ = {isa = PBXFileReference; lastKnownFileType = sourcecode.c.h; path = CPDAppDelegate.h; sourceTree = "<group>"; };
		5051F41517A760A60089BA53 /* CPDAppDelegate.m */ = {isa = PBXFileReference; lastKnownFileType = sourcecode.c.objc; path = CPDAppDelegate.m; sourceTree = "<group>"; };
		5051F41717A760A60089BA53 /* Default.png */ = {isa = PBXFileReference; lastKnownFileType = image.png; path = Default.png; sourceTree = "<group>"; };
		5051F41917A760A60089BA53 /* Default@2x.png */ = {isa = PBXFileReference; lastKnownFileType = image.png; path = "Default@2x.png"; sourceTree = "<group>"; };
		5051F41B17A760A60089BA53 /* Default-568h@2x.png */ = {isa = PBXFileReference; lastKnownFileType = image.png; path = "Default-568h@2x.png"; sourceTree = "<group>"; };
		5051F41E17A760A60089BA53 /* en */ = {isa = PBXFileReference; lastKnownFileType = file.storyboard; name = en; path = en.lproj/MainStoryboard.storyboard; sourceTree = "<group>"; };
		5051F42017A760A60089BA53 /* CPDFirstViewController.h */ = {isa = PBXFileReference; lastKnownFileType = sourcecode.c.h; path = CPDFirstViewController.h; sourceTree = "<group>"; };
		5051F42117A760A60089BA53 /* CPDFirstViewController.m */ = {isa = PBXFileReference; lastKnownFileType = sourcecode.c.objc; path = CPDFirstViewController.m; sourceTree = "<group>"; };
		5051F42317A760A60089BA53 /* first.png */ = {isa = PBXFileReference; lastKnownFileType = image.png; path = first.png; sourceTree = "<group>"; };
		5051F42517A760A60089BA53 /* first@2x.png */ = {isa = PBXFileReference; lastKnownFileType = image.png; path = "first@2x.png"; sourceTree = "<group>"; };
		5051F42717A760A60089BA53 /* CPDSecondViewController.h */ = {isa = PBXFileReference; lastKnownFileType = sourcecode.c.h; path = CPDSecondViewController.h; sourceTree = "<group>"; };
		5051F42817A760A60089BA53 /* CPDSecondViewController.m */ = {isa = PBXFileReference; lastKnownFileType = sourcecode.c.objc; path = CPDSecondViewController.m; sourceTree = "<group>"; };
		5051F42A17A760A60089BA53 /* second.png */ = {isa = PBXFileReference; lastKnownFileType = image.png; path = second.png; sourceTree = "<group>"; };
		5051F42C17A760A60089BA53 /* second@2x.png */ = {isa = PBXFileReference; lastKnownFileType = image.png; path = "second@2x.png"; sourceTree = "<group>"; };
/* End PBXFileReference section */

/* Begin PBXFrameworksBuildPhase section */
		5051F3FF17A760A60089BA53 /* Frameworks */ = {
			isa = PBXFrameworksBuildPhase;
			buildActionMask = 2147483647;
			files = (
				5051F40617A760A60089BA53 /* UIKit.framework in Frameworks */,
				5051F40817A760A60089BA53 /* Foundation.framework in Frameworks */,
				5051F40A17A760A60089BA53 /* CoreGraphics.framework in Frameworks */,
			);
			runOnlyForDeploymentPostprocessing = 0;
		};
/* End PBXFrameworksBuildPhase section */

/* Begin PBXGroup section */
		5051F3F917A760A60089BA53 = {
			isa = PBXGroup;
			children = (
				5051F40B17A760A60089BA53 /* CorePlotDemo */,
				5051F40417A760A60089BA53 /* Frameworks */,
				5051F40317A760A60089BA53 /* Products */,
			);
			sourceTree = "<group>";
		};
		5051F40317A760A60089BA53 /* Products */ = {
			isa = PBXGroup;
			children = (
				5051F40217A760A60089BA53 /* CorePlotDemo.app */,
			);
			name = Products;
			sourceTree = "<group>";
		};
		5051F40417A760A60089BA53 /* Frameworks */ = {
			isa = PBXGroup;
			children = (
				5051F40517A760A60089BA53 /* UIKit.framework */,
				5051F40717A760A60089BA53 /* Foundation.framework */,
				5051F40917A760A60089BA53 /* CoreGraphics.framework */,
			);
			name = Frameworks;
			sourceTree = "<group>";
		};
		5051F40B17A760A60089BA53 /* CorePlotDemo */ = {
			isa = PBXGroup;
			children = (
				5051F41417A760A60089BA53 /* CPDAppDelegate.h */,
				5051F41517A760A60089BA53 /* CPDAppDelegate.m */,
				5051F41D17A760A60089BA53 /* MainStoryboard.storyboard */,
				5051F42017A760A60089BA53 /* CPDFirstViewController.h */,
				5051F42117A760A60089BA53 /* CPDFirstViewController.m */,
				5051F42317A760A60089BA53 /* first.png */,
				5051F42517A760A60089BA53 /* first@2x.png */,
				5051F42717A760A60089BA53 /* CPDSecondViewController.h */,
				5051F42817A760A60089BA53 /* CPDSecondViewController.m */,
				5051F42A17A760A60089BA53 /* second.png */,
				5051F42C17A760A60089BA53 /* second@2x.png */,
				5051F40C17A760A60089BA53 /* Supporting Files */,
			);
			path = CorePlotDemo;
			sourceTree = "<group>";
		};
		5051F40C17A760A60089BA53 /* Supporting Files */ = {
			isa = PBXGroup;
			children = (
				5051F40D17A760A60089BA53 /* CorePlotDemo-Info.plist */,
				5051F40E17A760A60089BA53 /* InfoPlist.strings */,
				5051F41117A760A60089BA53 /* main.m */,
				5051F41317A760A60089BA53 /* CorePlotDemo-Prefix.pch */,
				5051F41717A760A60089BA53 /* Default.png */,
				5051F41917A760A60089BA53 /* Default@2x.png */,
				5051F41B17A760A60089BA53 /* Default-568h@2x.png */,
			);
			name = "Supporting Files";
			sourceTree = "<group>";
		};
/* End PBXGroup section */

/* Begin PBXNativeTarget section */
		5051F40117A760A60089BA53 /* CorePlotDemo */ = {
			isa = PBXNativeTarget;
			buildConfigurationList = 5051F43017A760A60089BA53 /* Build configuration list for PBXNativeTarget "CorePlotDemo" */;
			buildPhases = (
				5051F3FE17A760A60089BA53 /* Sources */,
				5051F3FF17A760A60089BA53 /* Frameworks */,
				5051F40017A760A60089BA53 /* Resources */,
			);
			buildRules = (
			);
			dependencies = (
			);
			name = CorePlotDemo;
			productName = CorePlotDemo;
			productReference = 5051F40217A760A60089BA53 /* CorePlotDemo.app */;
			productType = "com.apple.product-type.application";
		};
/* End PBXNativeTarget section */

/* Begin PBXProject section */
		5051F3FA17A760A60089BA53 /* Project object */ = {
			isa = PBXProject;
			attributes = {
				CLASSPREFIX = CPD;
				LastUpgradeCheck = 0460;
				ORGANIZATIONNAME = andyzhang;
			};
			buildConfigurationList = 5051F3FD17A760A60089BA53 /* Build configuration list for PBXProject "CorePlotDemo" */;
			compatibilityVersion = "Xcode 3.2";
			developmentRegion = English;
			hasScannedForEncodings = 0;
			knownRegions = (
				en,
			);
			mainGroup = 5051F3F917A760A60089BA53;
			productRefGroup = 5051F40317A760A60089BA53 /* Products */;
			projectDirPath = "";
			projectRoot = "";
			targets = (
				5051F40117A760A60089BA53 /* CorePlotDemo */,
			);
		};
/* End PBXProject section */

/* Begin PBXResourcesBuildPhase section */
		5051F40017A760A60089BA53 /* Resources */ = {
			isa = PBXResourcesBuildPhase;
			buildActionMask = 2147483647;
			files = (
				5051F41017A760A60089BA53 /* InfoPlist.strings in Resources */,
				5051F41817A760A60089BA53 /* Default.png in Resources */,
				5051F41A17A760A60089BA53 /* Default@2x.png in Resources */,
				5051F41C17A760A60089BA53 /* Default-568h@2x.png in Resources */,
				5051F41F17A760A60089BA53 /* MainStoryboard.storyboard in Resources */,
				5051F42417A760A60089BA53 /* first.png in Resources */,
				5051F42617A760A60089BA53 /* first@2x.png in Resources */,
				5051F42B17A760A60089BA53 /* second.png in Resources */,
				5051F42D17A760A60089BA53 /* second@2x.png in Resources */,
			);
			runOnlyForDeploymentPostprocessing = 0;
		};
/* End PBXResourcesBuildPhase section */

/* Begin PBXSourcesBuildPhase section */
		5051F3FE17A760A60089BA53 /* Sources */ = {
			isa = PBXSourcesBuildPhase;
			buildActionMask = 2147483647;
			files = (
				5051F41217A760A60089BA53 /* main.m in Sources */,
				5051F41617A760A60089BA53 /* CPDAppDelegate.m in Sources */,
				5051F42217A760A60089BA53 /* CPDFirstViewController.m in Sources */,
				5051F42917A760A60089BA53 /* CPDSecondViewController.m in Sources */,
			);
			runOnlyForDeploymentPostprocessing = 0;
		};
/* End PBXSourcesBuildPhase section */

/* Begin PBXVariantGroup section */
		5051F40E17A760A60089BA53 /* InfoPlist.strings */ = {
			isa = PBXVariantGroup;
			children = (
				5051F40F17A760A60089BA53 /* en */,
			);
			name = InfoPlist.strings;
			sourceTree = "<group>";
		};
		5051F41D17A760A60089BA53 /* MainStoryboard.storyboard */ = {
			isa = PBXVariantGroup;
			children = (
				5051F41E17A760A60089BA53 /* en */,
			);
			name = MainStoryboard.storyboard;
			sourceTree = "<group>";
		};
/* End PBXVariantGroup section */

/* Begin XCBuildConfiguration section */
		5051F42E17A760A60089BA53 /* Debug */ = {
			isa = XCBuildConfiguration;
			buildSettings = {
				ALWAYS_SEARCH_USER_PATHS = NO;
				CLANG_CXX_LANGUAGE_STANDARD = "gnu++0x";
				CLANG_CXX_LIBRARY = "libc++";
				CLANG_ENABLE_OBJC_ARC = YES;
				CLANG_WARN_CONSTANT_CONVERSION = YES;
				CLANG_WARN_EMPTY_BODY = YES;
				CLANG_WARN_ENUM_CONVERSION = YES;
				CLANG_WARN_INT_CONVERSION = YES;
				CLANG_WARN__DUPLICATE_METHOD_MATCH = YES;
				"CODE_SIGN_IDENTITY[sdk=iphoneos*]" = "iPhone Developer";
				COPY_PHASE_STRIP = NO;
				GCC_C_LANGUAGE_STANDARD = gnu99;
				GCC_DYNAMIC_NO_PIC = NO;
				GCC_OPTIMIZATION_LEVEL = 0;
				GCC_PREPROCESSOR_DEFINITIONS = (
					"DEBUG=1",
					"$(inherited)",
				);
				GCC_SYMBOLS_PRIVATE_EXTERN = NO;
				GCC_WARN_ABOUT_RETURN_TYPE = YES;
				GCC_WARN_UNINITIALIZED_AUTOS = YES;
				GCC_WARN_UNUSED_VARIABLE = YES;
				IPHONEOS_DEPLOYMENT_TARGET = 6.1;
				ONLY_ACTIVE_ARCH = YES;
				SDKROOT = iphoneos;
			};
			name = Debug;
		};
		5051F42F17A760A60089BA53 /* Release */ = {
			isa = XCBuildConfiguration;
			buildSettings = {
				ALWAYS_SEARCH_USER_PATHS = NO;
				CLANG_CXX_LANGUAGE_STANDARD = "gnu++0x";
				CLANG_CXX_LIBRARY = "libc++";
				CLANG_ENABLE_OBJC_ARC = YES;
				CLANG_WARN_CONSTANT_CONVERSION = YES;
				CLANG_WARN_EMPTY_BODY = YES;
				CLANG_WARN_ENUM_CONVERSION = YES;
				CLANG_WARN_INT_CONVERSION = YES;
				CLANG_WARN__DUPLICATE_METHOD_MATCH = YES;
				"CODE_SIGN_IDENTITY[sdk=iphoneos*]" = "iPhone Developer";
				COPY_PHASE_STRIP = YES;
				GCC_C_LANGUAGE_STANDARD = gnu99;
				GCC_WARN_ABOUT_RETURN_TYPE = YES;
				GCC_WARN_UNINITIALIZED_AUTOS = YES;
				GCC_WARN_UNUSED_VARIABLE = YES;
				IPHONEOS_DEPLOYMENT_TARGET = 6.1;
				OTHER_CFLAGS = "-DNS_BLOCK_ASSERTIONS=1";
				SDKROOT = iphoneos;
				VALIDATE_PRODUCT = YES;
			};
			name = Release;
		};
		5051F43117A760A60089BA53 /* Debug */ = {
			isa = XCBuildConfiguration;
			buildSettings = {
				GCC_PRECOMPILE_PREFIX_HEADER = YES;
				GCC_PREFIX_HEADER = "CorePlotDemo/CorePlotDemo-Prefix.pch";
				INFOPLIST_FILE = "CorePlotDemo/CorePlotDemo-Info.plist";
				PRODUCT_NAME = "$(TARGET_NAME)";
				WRAPPER_EXTENSION = app;
			};
			name = Debug;
		};
		5051F43217A760A60089BA53 /* Release */ = {
			isa = XCBuildConfiguration;
			buildSettings = {
				GCC_PRECOMPILE_PREFIX_HEADER = YES;
				GCC_PREFIX_HEADER = "CorePlotDemo/CorePlotDemo-Prefix.pch";
				INFOPLIST_FILE = "CorePlotDemo/CorePlotDemo-Info.plist";
				PRODUCT_NAME = "$(TARGET_NAME)";
				WRAPPER_EXTENSION = app;
			};
			name = Release;
		};
/* End XCBuildConfiguration section */

/* Begin XCConfigurationList section */
		5051F3FD17A760A60089BA53 /* Build configuration list for PBXProject "CorePlotDemo" */ = {
			isa = XCConfigurationList;
			buildConfigurations = (
				5051F42E17A760A60089BA53 /* Debug */,
				5051F42F17A760A60089BA53 /* Release */,
			);
			defaultConfigurationIsVisible = 0;
			defaultConfigurationName = Release;
		};
		5051F43017A760A60089BA53 /* Build configuration list for PBXNativeTarget "CorePlotDemo" */ = {
			isa = XCConfigurationList;
			buildConfigurations = (
				5051F43117A760A60089BA53 /* Debug */,
				5051F43217A760A60089BA53 /* Release */,
			);
			defaultConfigurationIsVisible = 0;
		};
/* End XCConfigurationList section */
	};
	rootObject = 5051F3FA17A760A60089BA53 /* Project object */;
}
